# THIS IS AN AUTOGENERATED FILE. DO NOT EDIT THIS FILE DIRECTLY.
# yarn lockfile v1


"@ethersproject/abi@5.6.4", "@ethersproject/abi@^5.6.3":
  version "5.6.4"
  resolved "https://registry.yarnpkg.com/@ethersproject/abi/-/abi-5.6.4.tgz#f6e01b6ed391a505932698ecc0d9e7a99ee60362"
  integrity sha512-TTeZUlCeIHG6527/2goZA6gW5F8Emoc7MrZDC7hhP84aRGvW3TEdTnZR08Ls88YXM1m2SuK42Osw/jSi3uO8gg==
  dependencies:
    "@ethersproject/address" "^5.6.1"
    "@ethersproject/bignumber" "^5.6.2"
    "@ethersproject/bytes" "^5.6.1"
    "@ethersproject/constants" "^5.6.1"
    "@ethersproject/hash" "^5.6.1"
    "@ethersproject/keccak256" "^5.6.1"
    "@ethersproject/logger" "^5.6.0"
    "@ethersproject/properties" "^5.6.0"
    "@ethersproject/strings" "^5.6.1"

"@ethersproject/abstract-provider@5.6.1", "@ethersproject/abstract-provider@^5.6.1":
  version "5.6.1"
  resolved "https://registry.yarnpkg.com/@ethersproject/abstract-provider/-/abstract-provider-5.6.1.tgz#02ddce150785caf0c77fe036a0ebfcee61878c59"
  integrity sha512-BxlIgogYJtp1FS8Muvj8YfdClk3unZH0vRMVX791Z9INBNT/kuACZ9GzaY1Y4yFq+YSy6/w4gzj3HCRKrK9hsQ==
  dependencies:
    "@ethersproject/bignumber" "^5.6.2"
    "@ethersproject/bytes" "^5.6.1"
    "@ethersproject/logger" "^5.6.0"
    "@ethersproject/networks" "^5.6.3"
    "@ethersproject/properties" "^5.6.0"
    "@ethersproject/transactions" "^5.6.2"
    "@ethersproject/web" "^5.6.1"

"@ethersproject/abstract-signer@5.6.2", "@ethersproject/abstract-signer@^5.6.2":
  version "5.6.2"
  resolved "https://registry.yarnpkg.com/@ethersproject/abstract-signer/-/abstract-signer-5.6.2.tgz#491f07fc2cbd5da258f46ec539664713950b0b33"
  integrity sha512-n1r6lttFBG0t2vNiI3HoWaS/KdOt8xyDjzlP2cuevlWLG6EX0OwcKLyG/Kp/cuwNxdy/ous+R/DEMdTUwWQIjQ==
  dependencies:
    "@ethersproject/abstract-provider" "^5.6.1"
    "@ethersproject/bignumber" "^5.6.2"
    "@ethersproject/bytes" "^5.6.1"
    "@ethersproject/logger" "^5.6.0"
    "@ethersproject/properties" "^5.6.0"

"@ethersproject/address@5.6.1", "@ethersproject/address@^5.6.1":
  version "5.6.1"
  resolved "https://registry.yarnpkg.com/@ethersproject/address/-/address-5.6.1.tgz#ab57818d9aefee919c5721d28cd31fd95eff413d"
  integrity sha512-uOgF0kS5MJv9ZvCz7x6T2EXJSzotiybApn4XlOgoTX0xdtyVIJ7pF+6cGPxiEq/dpBiTfMiw7Yc81JcwhSYA0Q==
  dependencies:
    "@ethersproject/bignumber" "^5.6.2"
    "@ethersproject/bytes" "^5.6.1"
    "@ethersproject/keccak256" "^5.6.1"
    "@ethersproject/logger" "^5.6.0"
    "@ethersproject/rlp" "^5.6.1"

"@ethersproject/base64@5.6.1", "@ethersproject/base64@^5.6.1":
  version "5.6.1"
  resolved "https://registry.yarnpkg.com/@ethersproject/base64/-/base64-5.6.1.tgz#2c40d8a0310c9d1606c2c37ae3092634b41d87cb"
  integrity sha512-qB76rjop6a0RIYYMiB4Eh/8n+Hxu2NIZm8S/Q7kNo5pmZfXhHGHmS4MinUainiBC54SCyRnwzL+KZjj8zbsSsw==
  dependencies:
    "@ethersproject/bytes" "^5.6.1"

"@ethersproject/basex@5.6.1", "@ethersproject/basex@^5.6.1":
  version "5.6.1"
  resolved "https://registry.yarnpkg.com/@ethersproject/basex/-/basex-5.6.1.tgz#badbb2f1d4a6f52ce41c9064f01eab19cc4c5305"
  integrity sha512-a52MkVz4vuBXR06nvflPMotld1FJWSj2QT0985v7P/emPZO00PucFAkbcmq2vpVU7Ts7umKiSI6SppiLykVWsA==
  dependencies:
    "@ethersproject/bytes" "^5.6.1"
    "@ethersproject/properties" "^5.6.0"

"@ethersproject/bignumber@5.6.2", "@ethersproject/bignumber@^5.6.2":
  version "5.6.2"
  resolved "https://registry.yarnpkg.com/@ethersproject/bignumber/-/bignumber-5.6.2.tgz#72a0717d6163fab44c47bcc82e0c550ac0315d66"
  integrity sha512-v7+EEUbhGqT3XJ9LMPsKvXYHFc8eHxTowFCG/HgJErmq4XHJ2WR7aeyICg3uTOAQ7Icn0GFHAohXEhxQHq4Ubw==
  dependencies:
    "@ethersproject/bytes" "^5.6.1"
    "@ethersproject/logger" "^5.6.0"
    bn.js "^5.2.1"

"@ethersproject/bytes@5.6.1", "@ethersproject/bytes@^5.6.1":
  version "5.6.1"
  resolved "https://registry.yarnpkg.com/@ethersproject/bytes/-/bytes-5.6.1.tgz#24f916e411f82a8a60412344bf4a813b917eefe7"
  integrity sha512-NwQt7cKn5+ZE4uDn+X5RAXLp46E1chXoaMmrxAyA0rblpxz8t58lVkrHXoRIn0lz1joQElQ8410GqhTqMOwc6g==
  dependencies:
    "@ethersproject/logger" "^5.6.0"

"@ethersproject/constants@5.6.1", "@ethersproject/constants@^5.6.1":
  version "5.6.1"
  resolved "https://registry.yarnpkg.com/@ethersproject/constants/-/constants-5.6.1.tgz#e2e974cac160dd101cf79fdf879d7d18e8cb1370"
  integrity sha512-QSq9WVnZbxXYFftrjSjZDUshp6/eKp6qrtdBtUCm0QxCV5z1fG/w3kdlcsjMCQuQHUnAclKoK7XpXMezhRDOLg==
  dependencies:
    "@ethersproject/bignumber" "^5.6.2"

"@ethersproject/contracts@5.6.2":
  version "5.6.2"
  resolved "https://registry.yarnpkg.com/@ethersproject/contracts/-/contracts-5.6.2.tgz#20b52e69ebc1b74274ff8e3d4e508de971c287bc"
  integrity sha512-hguUA57BIKi6WY0kHvZp6PwPlWF87MCeB4B7Z7AbUpTxfFXFdn/3b0GmjZPagIHS+3yhcBJDnuEfU4Xz+Ks/8g==
  dependencies:
    "@ethersproject/abi" "^5.6.3"
    "@ethersproject/abstract-provider" "^5.6.1"
    "@ethersproject/abstract-signer" "^5.6.2"
    "@ethersproject/address" "^5.6.1"
    "@ethersproject/bignumber" "^5.6.2"
    "@ethersproject/bytes" "^5.6.1"
    "@ethersproject/constants" "^5.6.1"
    "@ethersproject/logger" "^5.6.0"
    "@ethersproject/properties" "^5.6.0"
    "@ethersproject/transactions" "^5.6.2"

"@ethersproject/hash@5.6.1", "@ethersproject/hash@^5.6.1":
  version "5.6.1"
  resolved "https://registry.yarnpkg.com/@ethersproject/hash/-/hash-5.6.1.tgz#224572ea4de257f05b4abf8ae58b03a67e99b0f4"
  integrity sha512-L1xAHurbaxG8VVul4ankNX5HgQ8PNCTrnVXEiFnE9xoRnaUcgfD12tZINtDinSllxPLCtGwguQxJ5E6keE84pA==
  dependencies:
    "@ethersproject/abstract-signer" "^5.6.2"
    "@ethersproject/address" "^5.6.1"
    "@ethersproject/bignumber" "^5.6.2"
    "@ethersproject/bytes" "^5.6.1"
    "@ethersproject/keccak256" "^5.6.1"
    "@ethersproject/logger" "^5.6.0"
    "@ethersproject/properties" "^5.6.0"
    "@ethersproject/strings" "^5.6.1"

"@ethersproject/hdnode@5.6.2", "@ethersproject/hdnode@^5.6.2":
  version "5.6.2"
  resolved "https://registry.yarnpkg.com/@ethersproject/hdnode/-/hdnode-5.6.2.tgz#26f3c83a3e8f1b7985c15d1db50dc2903418b2d2"
  integrity sha512-tERxW8Ccf9CxW2db3WsN01Qao3wFeRsfYY9TCuhmG0xNpl2IO8wgXU3HtWIZ49gUWPggRy4Yg5axU0ACaEKf1Q==
  dependencies:
    "@ethersproject/abstract-signer" "^5.6.2"
    "@ethersproject/basex" "^5.6.1"
    "@ethersproject/bignumber" "^5.6.2"
    "@ethersproject/bytes" "^5.6.1"
    "@ethersproject/logger" "^5.6.0"
    "@ethersproject/pbkdf2" "^5.6.1"
    "@ethersproject/properties" "^5.6.0"
    "@ethersproject/sha2" "^5.6.1"
    "@ethersproject/signing-key" "^5.6.2"
    "@ethersproject/strings" "^5.6.1"
    "@ethersproject/transactions" "^5.6.2"
    "@ethersproject/wordlists" "^5.6.1"

"@ethersproject/json-wallets@5.6.1", "@ethersproject/json-wallets@^5.6.1":
  version "5.6.1"
  resolved "https://registry.yarnpkg.com/@ethersproject/json-wallets/-/json-wallets-5.6.1.tgz#3f06ba555c9c0d7da46756a12ac53483fe18dd91"
  integrity sha512-KfyJ6Zwz3kGeX25nLihPwZYlDqamO6pfGKNnVMWWfEVVp42lTfCZVXXy5Ie8IZTN0HKwAngpIPi7gk4IJzgmqQ==
  dependencies:
    "@ethersproject/abstract-signer" "^5.6.2"
    "@ethersproject/address" "^5.6.1"
    "@ethersproject/bytes" "^5.6.1"
    "@ethersproject/hdnode" "^5.6.2"
    "@ethersproject/keccak256" "^5.6.1"
    "@ethersproject/logger" "^5.6.0"
    "@ethersproject/pbkdf2" "^5.6.1"
    "@ethersproject/properties" "^5.6.0"
    "@ethersproject/random" "^5.6.1"
    "@ethersproject/strings" "^5.6.1"
    "@ethersproject/transactions" "^5.6.2"
    aes-js "3.0.0"
    scrypt-js "3.0.1"

"@ethersproject/keccak256@5.6.1", "@ethersproject/keccak256@^5.6.1":
  version "5.6.1"
  resolved "https://registry.yarnpkg.com/@ethersproject/keccak256/-/keccak256-5.6.1.tgz#b867167c9b50ba1b1a92bccdd4f2d6bd168a91cc"
  integrity sha512-bB7DQHCTRDooZZdL3lk9wpL0+XuG3XLGHLh3cePnybsO3V0rdCAOQGpn/0R3aODmnTOOkCATJiD2hnL+5bwthA==
  dependencies:
    "@ethersproject/bytes" "^5.6.1"
    js-sha3 "0.8.0"

"@ethersproject/logger@5.6.0", "@ethersproject/logger@^5.6.0":
  version "5.6.0"
  resolved "https://registry.yarnpkg.com/@ethersproject/logger/-/logger-5.6.0.tgz#d7db1bfcc22fd2e4ab574cba0bb6ad779a9a3e7a"
  integrity sha512-BiBWllUROH9w+P21RzoxJKzqoqpkyM1pRnEKG69bulE9TSQD8SAIvTQqIMZmmCO8pUNkgLP1wndX1gKghSpBmg==

"@ethersproject/networks@5.6.4", "@ethersproject/networks@^5.6.3":
  version "5.6.4"
  resolved "https://registry.yarnpkg.com/@ethersproject/networks/-/networks-5.6.4.tgz#51296d8fec59e9627554f5a8a9c7791248c8dc07"
  integrity sha512-KShHeHPahHI2UlWdtDMn2lJETcbtaJge4k7XSjDR9h79QTd6yQJmv6Cp2ZA4JdqWnhszAOLSuJEd9C0PRw7hSQ==
  dependencies:
    "@ethersproject/logger" "^5.6.0"

"@ethersproject/pbkdf2@5.6.1", "@ethersproject/pbkdf2@^5.6.1":
  version "5.6.1"
  resolved "https://registry.yarnpkg.com/@ethersproject/pbkdf2/-/pbkdf2-5.6.1.tgz#f462fe320b22c0d6b1d72a9920a3963b09eb82d1"
  integrity sha512-k4gRQ+D93zDRPNUfmduNKq065uadC2YjMP/CqwwX5qG6R05f47boq6pLZtV/RnC4NZAYOPH1Cyo54q0c9sshRQ==
  dependencies:
    "@ethersproject/bytes" "^5.6.1"
    "@ethersproject/sha2" "^5.6.1"

"@ethersproject/properties@5.6.0", "@ethersproject/properties@^5.6.0":
  version "5.6.0"
  resolved "https://registry.yarnpkg.com/@ethersproject/properties/-/properties-5.6.0.tgz#38904651713bc6bdd5bdd1b0a4287ecda920fa04"
  integrity sha512-szoOkHskajKePTJSZ46uHUWWkbv7TzP2ypdEK6jGMqJaEt2sb0jCgfBo0gH0m2HBpRixMuJ6TBRaQCF7a9DoCg==
  dependencies:
    "@ethersproject/logger" "^5.6.0"

"@ethersproject/providers@5.6.8":
  version "5.6.8"
  resolved "https://registry.yarnpkg.com/@ethersproject/providers/-/providers-5.6.8.tgz#22e6c57be215ba5545d3a46cf759d265bb4e879d"
  integrity sha512-Wf+CseT/iOJjrGtAOf3ck9zS7AgPmr2fZ3N97r4+YXN3mBePTG2/bJ8DApl9mVwYL+RpYbNxMEkEp4mPGdwG/w==
  dependencies:
    "@ethersproject/abstract-provider" "^5.6.1"
    "@ethersproject/abstract-signer" "^5.6.2"
    "@ethersproject/address" "^5.6.1"
    "@ethersproject/base64" "^5.6.1"
    "@ethersproject/basex" "^5.6.1"
    "@ethersproject/bignumber" "^5.6.2"
    "@ethersproject/bytes" "^5.6.1"
    "@ethersproject/constants" "^5.6.1"
    "@ethersproject/hash" "^5.6.1"
    "@ethersproject/logger" "^5.6.0"
    "@ethersproject/networks" "^5.6.3"
    "@ethersproject/properties" "^5.6.0"
    "@ethersproject/random" "^5.6.1"
    "@ethersproject/rlp" "^5.6.1"
    "@ethersproject/sha2" "^5.6.1"
    "@ethersproject/strings" "^5.6.1"
    "@ethersproject/transactions" "^5.6.2"
    "@ethersproject/web" "^5.6.1"
    bech32 "1.1.4"
    ws "7.4.6"

"@ethersproject/random@5.6.1", "@ethersproject/random@^5.6.1":
  version "5.6.1"
  resolved "https://registry.yarnpkg.com/@ethersproject/random/-/random-5.6.1.tgz#66915943981bcd3e11bbd43733f5c3ba5a790255"
  integrity sha512-/wtPNHwbmng+5yi3fkipA8YBT59DdkGRoC2vWk09Dci/q5DlgnMkhIycjHlavrvrjJBkFjO/ueLyT+aUDfc4lA==
  dependencies:
    "@ethersproject/bytes" "^5.6.1"
    "@ethersproject/logger" "^5.6.0"

"@ethersproject/rlp@5.6.1", "@ethersproject/rlp@^5.6.1":
  version "5.6.1"
  resolved "https://registry.yarnpkg.com/@ethersproject/rlp/-/rlp-5.6.1.tgz#df8311e6f9f24dcb03d59a2bac457a28a4fe2bd8"
  integrity sha512-uYjmcZx+DKlFUk7a5/W9aQVaoEC7+1MOBgNtvNg13+RnuUwT4F0zTovC0tmay5SmRslb29V1B7Y5KCri46WhuQ==
  dependencies:
    "@ethersproject/bytes" "^5.6.1"
    "@ethersproject/logger" "^5.6.0"

"@ethersproject/sha2@5.6.1", "@ethersproject/sha2@^5.6.1":
  version "5.6.1"
  resolved "https://registry.yarnpkg.com/@ethersproject/sha2/-/sha2-5.6.1.tgz#211f14d3f5da5301c8972a8827770b6fd3e51656"
  integrity sha512-5K2GyqcW7G4Yo3uenHegbXRPDgARpWUiXc6RiF7b6i/HXUoWlb7uCARh7BAHg7/qT/Q5ydofNwiZcim9qpjB6g==
  dependencies:
    "@ethersproject/bytes" "^5.6.1"
    "@ethersproject/logger" "^5.6.0"
    hash.js "1.1.7"

"@ethersproject/signing-key@5.6.2", "@ethersproject/signing-key@^5.6.2":
  version "5.6.2"
  resolved "https://registry.yarnpkg.com/@ethersproject/signing-key/-/signing-key-5.6.2.tgz#8a51b111e4d62e5a62aee1da1e088d12de0614a3"
  integrity sha512-jVbu0RuP7EFpw82vHcL+GP35+KaNruVAZM90GxgQnGqB6crhBqW/ozBfFvdeImtmb4qPko0uxXjn8l9jpn0cwQ==
  dependencies:
    "@ethersproject/bytes" "^5.6.1"
    "@ethersproject/logger" "^5.6.0"
    "@ethersproject/properties" "^5.6.0"
    bn.js "^5.2.1"
    elliptic "6.5.4"
    hash.js "1.1.7"

"@ethersproject/solidity@5.6.1":
  version "5.6.1"
  resolved "https://registry.yarnpkg.com/@ethersproject/solidity/-/solidity-5.6.1.tgz#5845e71182c66d32e6ec5eefd041fca091a473e2"
  integrity sha512-KWqVLkUUoLBfL1iwdzUVlkNqAUIFMpbbeH0rgCfKmJp0vFtY4AsaN91gHKo9ZZLkC4UOm3cI3BmMV4N53BOq4g==
  dependencies:
    "@ethersproject/bignumber" "^5.6.2"
    "@ethersproject/bytes" "^5.6.1"
    "@ethersproject/keccak256" "^5.6.1"
    "@ethersproject/logger" "^5.6.0"
    "@ethersproject/sha2" "^5.6.1"
    "@ethersproject/strings" "^5.6.1"

"@ethersproject/strings@5.6.1", "@ethersproject/strings@^5.6.1":
  version "5.6.1"
  resolved "https://registry.yarnpkg.com/@ethersproject/strings/-/strings-5.6.1.tgz#dbc1b7f901db822b5cafd4ebf01ca93c373f8952"
  integrity sha512-2X1Lgk6Jyfg26MUnsHiT456U9ijxKUybz8IM1Vih+NJxYtXhmvKBcHOmvGqpFSVJ0nQ4ZCoIViR8XlRw1v/+Cw==
  dependencies:
    "@ethersproject/bytes" "^5.6.1"
    "@ethersproject/constants" "^5.6.1"
    "@ethersproject/logger" "^5.6.0"

"@ethersproject/transactions@5.6.2", "@ethersproject/transactions@^5.6.2":
  version "5.6.2"
  resolved "https://registry.yarnpkg.com/@ethersproject/transactions/-/transactions-5.6.2.tgz#793a774c01ced9fe7073985bb95a4b4e57a6370b"
  integrity sha512-BuV63IRPHmJvthNkkt9G70Ullx6AcM+SDc+a8Aw/8Yew6YwT51TcBKEp1P4oOQ/bP25I18JJr7rcFRgFtU9B2Q==
  dependencies:
    "@ethersproject/address" "^5.6.1"
    "@ethersproject/bignumber" "^5.6.2"
    "@ethersproject/bytes" "^5.6.1"
    "@ethersproject/constants" "^5.6.1"
    "@ethersproject/keccak256" "^5.6.1"
    "@ethersproject/logger" "^5.6.0"
    "@ethersproject/properties" "^5.6.0"
    "@ethersproject/rlp" "^5.6.1"
    "@ethersproject/signing-key" "^5.6.2"

"@ethersproject/units@5.6.1":
  version "5.6.1"
  resolved "https://registry.yarnpkg.com/@ethersproject/units/-/units-5.6.1.tgz#ecc590d16d37c8f9ef4e89e2005bda7ddc6a4e6f"
  integrity sha512-rEfSEvMQ7obcx3KWD5EWWx77gqv54K6BKiZzKxkQJqtpriVsICrktIQmKl8ReNToPeIYPnFHpXvKpi068YFZXw==
  dependencies:
    "@ethersproject/bignumber" "^5.6.2"
    "@ethersproject/constants" "^5.6.1"
    "@ethersproject/logger" "^5.6.0"

"@ethersproject/wallet@5.6.2":
  version "5.6.2"
  resolved "https://registry.yarnpkg.com/@ethersproject/wallet/-/wallet-5.6.2.tgz#cd61429d1e934681e413f4bc847a5f2f87e3a03c"
  integrity sha512-lrgh0FDQPuOnHcF80Q3gHYsSUODp6aJLAdDmDV0xKCN/T7D99ta1jGVhulg3PY8wiXEngD0DfM0I2XKXlrqJfg==
  dependencies:
    "@ethersproject/abstract-provider" "^5.6.1"
    "@ethersproject/abstract-signer" "^5.6.2"
    "@ethersproject/address" "^5.6.1"
    "@ethersproject/bignumber" "^5.6.2"
    "@ethersproject/bytes" "^5.6.1"
    "@ethersproject/hash" "^5.6.1"
    "@ethersproject/hdnode" "^5.6.2"
    "@ethersproject/json-wallets" "^5.6.1"
    "@ethersproject/keccak256" "^5.6.1"
    "@ethersproject/logger" "^5.6.0"
    "@ethersproject/properties" "^5.6.0"
    "@ethersproject/random" "^5.6.1"
    "@ethersproject/signing-key" "^5.6.2"
    "@ethersproject/transactions" "^5.6.2"
    "@ethersproject/wordlists" "^5.6.1"

"@ethersproject/web@5.6.1", "@ethersproject/web@^5.6.1":
  version "5.6.1"
  resolved "https://registry.yarnpkg.com/@ethersproject/web/-/web-5.6.1.tgz#6e2bd3ebadd033e6fe57d072db2b69ad2c9bdf5d"
  integrity sha512-/vSyzaQlNXkO1WV+RneYKqCJwualcUdx/Z3gseVovZP0wIlOFcCE1hkRhKBH8ImKbGQbMl9EAAyJFrJu7V0aqA==
  dependencies:
    "@ethersproject/base64" "^5.6.1"
    "@ethersproject/bytes" "^5.6.1"
    "@ethersproject/logger" "^5.6.0"
    "@ethersproject/properties" "^5.6.0"
    "@ethersproject/strings" "^5.6.1"

"@ethersproject/wordlists@5.6.1", "@ethersproject/wordlists@^5.6.1":
  version "5.6.1"
  resolved "https://registry.yarnpkg.com/@ethersproject/wordlists/-/wordlists-5.6.1.tgz#1e78e2740a8a21e9e99947e47979d72e130aeda1"
  integrity sha512-wiPRgBpNbNwCQFoCr8bcWO8o5I810cqO6mkdtKfLKFlLxeCWcnzDi4Alu8iyNzlhYuS9npCwivMbRWF19dyblw==
  dependencies:
    "@ethersproject/bytes" "^5.6.1"
    "@ethersproject/hash" "^5.6.1"
    "@ethersproject/logger" "^5.6.0"
    "@ethersproject/properties" "^5.6.0"
    "@ethersproject/strings" "^5.6.1"

"@sindresorhus/is@^4.0.0":
  version "4.6.0"
  resolved "https://registry.yarnpkg.com/@sindresorhus/is/-/is-4.6.0.tgz#3c7c9c46e678feefe7a2e5bb609d3dbd665ffb3f"
  integrity sha512-t09vSN3MdfsyCHoFcTRCH/iUtG7OJ0CsjzB8cjAmKc/va/kIgeDI/TxsigdncE/4be734m0cvIYwNaV4i2XqAw==

"@szmarczak/http-timer@^4.0.5":
  version "4.0.6"
  resolved "https://registry.yarnpkg.com/@szmarczak/http-timer/-/http-timer-4.0.6.tgz#b4a914bb62e7c272d4e5989fe4440f812ab1d807"
  integrity sha512-4BAffykYOgO+5nzBWYwE3W90sBgLJoUPRWWcL8wlyiM8IB8ipJz3UMJ9KXQd1RKQXpKp8Tutn80HZtWsu2u76w==
  dependencies:
    defer-to-connect "^2.0.0"

"@types/cacheable-request@^6.0.1":
  version "6.0.2"
  resolved "https://registry.yarnpkg.com/@types/cacheable-request/-/cacheable-request-6.0.2.tgz#c324da0197de0a98a2312156536ae262429ff6b9"
  integrity sha512-B3xVo+dlKM6nnKTcmm5ZtY/OL8bOAOd2Olee9M1zft65ox50OzjEHW91sDiU9j6cvW8Ejg1/Qkf4xd2kugApUA==
  dependencies:
    "@types/http-cache-semantics" "*"
    "@types/keyv" "*"
    "@types/node" "*"
    "@types/responselike" "*"

"@types/http-cache-semantics@*":
  version "4.0.1"
  resolved "https://registry.yarnpkg.com/@types/http-cache-semantics/-/http-cache-semantics-4.0.1.tgz#0ea7b61496902b95890dc4c3a116b60cb8dae812"
  integrity sha512-SZs7ekbP8CN0txVG2xVRH6EgKmEm31BOxA07vkFaETzZz1xh+cbt8BcI0slpymvwhx5dlFnQG2rTlPVQn+iRPQ==

"@types/json-buffer@~3.0.0":
  version "3.0.0"
  resolved "https://registry.yarnpkg.com/@types/json-buffer/-/json-buffer-3.0.0.tgz#85c1ff0f0948fc159810d4b5be35bf8c20875f64"
  integrity sha512-3YP80IxxFJB4b5tYC2SUPwkg0XQLiu0nWvhRgEatgjf+29IcWO9X1k8xRv5DGssJ/lCrjYTjQPcobJr2yWIVuQ==

"@types/keyv@*":
  version "3.1.4"
  resolved "https://registry.yarnpkg.com/@types/keyv/-/keyv-3.1.4.tgz#3ccdb1c6751b0c7e52300bcdacd5bcbf8faa75b6"
  integrity sha512-BQ5aZNSCpj7D6K2ksrRCTmKRLEpnPvWDiLPfoGyhZ++8YtiK9d/3DBKPJgry359X/P1PfruyYwvnvwFjuEiEIg==
  dependencies:
    "@types/node" "*"

"@types/node@*":
  version "18.6.1"
  resolved "https://registry.yarnpkg.com/@types/node/-/node-18.6.1.tgz#828e4785ccca13f44e2fb6852ae0ef11e3e20ba5"
  integrity sha512-z+2vB6yDt1fNwKOeGbckpmirO+VBDuQqecXkgeIqDlaOtmKn6hPR/viQ8cxCfqLU4fTlvM3+YjM367TukWdxpg==

"@types/responselike@*", "@types/responselike@^1.0.0":
  version "1.0.0"
  resolved "https://registry.yarnpkg.com/@types/responselike/-/responselike-1.0.0.tgz#251f4fe7d154d2bad125abe1b429b23afd262e29"
  integrity sha512-85Y2BjiufFzaMIlvJDvTTB8Fxl2xfLo4HgmHzVBz08w4wDePCTjYw66PdrolO0kzli3yam/YCgRufyo1DdQVTA==
  dependencies:
    "@types/node" "*"

aes-js@3.0.0:
  version "3.0.0"
  resolved "https://registry.yarnpkg.com/aes-js/-/aes-js-3.0.0.tgz#e21df10ad6c2053295bcbb8dab40b09dbea87e4d"
  integrity sha512-H7wUZRn8WpTq9jocdxQ2c8x2sKo9ZVmzfRE13GiNJXfp7NcKYEdvl3vspKjXox6RIG2VtaRe4JFvxG4rqp2Zuw==

ajv@^6.12.3:
  version "6.12.6"
  resolved "https://registry.yarnpkg.com/ajv/-/ajv-6.12.6.tgz#baf5a62e802b07d977034586f8c3baf5adf26df4"
  integrity sha512-j3fVLgvTo527anyYyJOGTYJbG+vnnQYvE0m5mmkc1TK+nxAppkCLMIL0aZ4dblVCNoGShhm+kzE4ZUykBoMg4g==
  dependencies:
    fast-deep-equal "^3.1.1"
    fast-json-stable-stringify "^2.0.0"
    json-schema-traverse "^0.4.1"
    uri-js "^4.2.2"

asn1@~0.2.3:
  version "0.2.6"
  resolved "https://registry.yarnpkg.com/asn1/-/asn1-0.2.6.tgz#0d3a7bb6e64e02a90c0303b31f292868ea09a08d"
  integrity sha512-ix/FxPn0MDjeyJ7i/yoHGFt/EX6LyNbxSEhPPXODPL+KB0VPk86UYfL0lMdy+KCnv+fmvIzySwaK5COwqVbWTQ==
  dependencies:
    safer-buffer "~2.1.0"

assert-plus@1.0.0, assert-plus@^1.0.0:
  version "1.0.0"
  resolved "https://registry.yarnpkg.com/assert-plus/-/assert-plus-1.0.0.tgz#f12e0f3c5d77b0b1cdd9146942e4e96c1e4dd525"
  integrity sha512-NfJ4UzBCcQGLDlQq7nHxH+tv3kyZ0hHQqF5BO6J7tNJeP5do1llPr8dZ8zHonfhAu0PHAdMkSo+8o0wxg9lZWw==

asynckit@^0.4.0:
  version "0.4.0"
  resolved "https://registry.yarnpkg.com/asynckit/-/asynckit-0.4.0.tgz#c79ed97f7f34cb8f2ba1bc9790bcc366474b4b79"
  integrity sha512-Oei9OH4tRh0YqU3GxhX79dM/mwVgvbZJaSNaRk+bshkj0S5cfHcgYakreBjrHwatXKbz+IoIdYLxrKim2MjW0Q==

aws-sign2@~0.7.0:
  version "0.7.0"
  resolved "https://registry.yarnpkg.com/aws-sign2/-/aws-sign2-0.7.0.tgz#b46e890934a9591f2d2f6f86d7e6a9f1b3fe76a8"
  integrity sha512-08kcGqnYf/YmjoRhfxyu+CLxBjUtHLXLXX/vUfx9l2LYzG3c1m61nrpyFUZI6zeS+Li/wWMMidD9KgrqtGq3mA==

aws4@^1.8.0:
  version "1.11.0"
  resolved "https://registry.yarnpkg.com/aws4/-/aws4-1.11.0.tgz#d61f46d83b2519250e2784daf5b09479a8b41c59"
  integrity sha512-xh1Rl34h6Fi1DC2WWKfxUTVqRsNnr6LsKz2+hfwDxQJWmrx8+c7ylaqBMcHfl1U1r2dsifOvKX3LQuLNZ+XSvA==

bcrypt-pbkdf@^1.0.0:
  version "1.0.2"
  resolved "https://registry.yarnpkg.com/bcrypt-pbkdf/-/bcrypt-pbkdf-1.0.2.tgz#a4301d389b6a43f9b67ff3ca11a3f6637e360e9e"
  integrity sha512-qeFIXtP4MSoi6NLqO12WfqARWWuCKi2Rn/9hJLEmtB5yTNr9DqFWkJRCf2qShWzPeAMRnOgCrq0sg/KLv5ES9w==
  dependencies:
    tweetnacl "^0.14.3"

bech32@1.1.4:
  version "1.1.4"
  resolved "https://registry.yarnpkg.com/bech32/-/bech32-1.1.4.tgz#e38c9f37bf179b8eb16ae3a772b40c356d4832e9"
  integrity sha512-s0IrSOzLlbvX7yp4WBfPITzpAU8sqQcpsmwXDiKwrG4r491vwCO/XpejasRNl0piBMe/DvP4Tz0mIS/X1DPJBQ==

bluebird@^3.1.5:
  version "3.7.2"
  resolved "https://registry.yarnpkg.com/bluebird/-/bluebird-3.7.2.tgz#9f229c15be272454ffa973ace0dbee79a1b0c36f"
  integrity sha512-XpNj6GDQzdfW+r2Wnn7xiSAd7TM3jzkxGXBGTtWKuSXv1xUV+azxAm8jdWZN06QTQk+2N2XB9jRDkvbmQmcRtg==

bn.js@^4.11.9:
  version "4.12.0"
  resolved "https://registry.yarnpkg.com/bn.js/-/bn.js-4.12.0.tgz#775b3f278efbb9718eec7361f483fb36fbbfea88"
  integrity sha512-c98Bf3tPniI+scsdk237ku1Dc3ujXQTSgyiPUDEOe7tRkhrqridvh8klBv0HCEso1OLOYcHuCv/cS6DNxKH+ZA==

bn.js@^5.2.1:
  version "5.2.1"
  resolved "https://registry.yarnpkg.com/bn.js/-/bn.js-5.2.1.tgz#0bc527a6a0d18d0aa8d5b0538ce4a77dccfa7b70"
  integrity sha512-eXRvHzWyYPBuB4NBy0cmYQjGitUrtqwbvlzP3G6VFnNRbsZQIxQ10PbKKHt8gZ/HW/D/747aDl+QkDqg3KQLMQ==

brorand@^1.1.0:
  version "1.1.0"
  resolved "https://registry.yarnpkg.com/brorand/-/brorand-1.1.0.tgz#12c25efe40a45e3c323eb8675a0a0ce57b22371f"
  integrity sha512-cKV8tMCEpQs4hK/ik71d6LrPOnpkpGBR0wzxqr68g2m/LB2GxVYQroAjMJZRVM1Y4BCjCKc3vAamxSzOY2RP+w==

cacheable-lookup@^5.0.3:
  version "5.0.4"
  resolved "https://registry.yarnpkg.com/cacheable-lookup/-/cacheable-lookup-5.0.4.tgz#5a6b865b2c44357be3d5ebc2a467b032719a7005"
  integrity sha512-2/kNscPhpcxrOigMZzbiWF7dz8ilhb/nIHU3EyZiXWXpeq/au8qJ8VhdftMkty3n7Gj6HIGalQG8oiBNB3AJgA==

cacheable-request@^7.0.2:
  version "7.0.2"
  resolved "https://registry.yarnpkg.com/cacheable-request/-/cacheable-request-7.0.2.tgz#ea0d0b889364a25854757301ca12b2da77f91d27"
  integrity sha512-pouW8/FmiPQbuGpkXQ9BAPv/Mo5xDGANgSNXzTzJ8DrKGuXOssM4wIQRjfanNRh3Yu5cfYPvcorqbhg2KIJtew==
  dependencies:
    clone-response "^1.0.2"
    get-stream "^5.1.0"
    http-cache-semantics "^4.0.0"
    keyv "^4.0.0"
    lowercase-keys "^2.0.0"
    normalize-url "^6.0.1"
    responselike "^2.0.0"

caseless@~0.12.0:
  version "0.12.0"
  resolved "https://registry.yarnpkg.com/caseless/-/caseless-0.12.0.tgz#1b681c21ff84033c826543090689420d187151dc"
  integrity sha512-4tYFyifaFfGacoiObjJegolkwSU4xQNGbVgUiNYVUxbQ2x2lUsFvY4hVgVzGiIe6WLOPqycWXA40l+PWsxthUw==

clone-response@^1.0.2:
  version "1.0.3"
  resolved "https://registry.yarnpkg.com/clone-response/-/clone-response-1.0.3.tgz#af2032aa47816399cf5f0a1d0db902f517abb8c3"
  integrity sha512-ROoL94jJH2dUVML2Y/5PEDNaSHgeOdSDicUyS7izcF63G6sTc/FTjLub4b8Il9S8S0beOfYt0TaA5qvFK+w0wA==
  dependencies:
    mimic-response "^1.0.0"

combined-stream@^1.0.6, combined-stream@~1.0.6:
  version "1.0.8"
  resolved "https://registry.yarnpkg.com/combined-stream/-/combined-stream-1.0.8.tgz#c3d45a8b34fd730631a110a8a2520682b31d5a7f"
  integrity sha512-FQN4MRfuJeHf7cBbBMJFXhKSDq+2kAArBlmRBvcvFE5BB1HZKXtSFASDhdlz9zOYwxh8lDdnvmMOe/+5cdoEdg==
  dependencies:
    delayed-stream "~1.0.0"

compress-brotli@^1.3.8:
  version "1.3.8"
  resolved "https://registry.yarnpkg.com/compress-brotli/-/compress-brotli-1.3.8.tgz#0c0a60c97a989145314ec381e84e26682e7b38db"
  integrity sha512-lVcQsjhxhIXsuupfy9fmZUFtAIdBmXA7EGY6GBdgZ++qkM9zG4YFT8iU7FoBxzryNDMOpD1HIFHUSX4D87oqhQ==
  dependencies:
    "@types/json-buffer" "~3.0.0"
    json-buffer "~3.0.1"

core-util-is@1.0.2:
  version "1.0.2"
  resolved "https://registry.yarnpkg.com/core-util-is/-/core-util-is-1.0.2.tgz#b5fd54220aa2bc5ab57aab7140c940754503c1a7"
  integrity sha512-3lqz5YjWTYnW6dlDa5TLaTCcShfar1e40rmcJVwCBJC6mWlFuj0eCHIElmG1g5kyuJ/GD+8Wn4FFCcz4gJPfaQ==

cron@^2.1.0:
  version "2.1.0"
  resolved "https://registry.yarnpkg.com/cron/-/cron-2.1.0.tgz#f69fe77f1164d0bccbc24300938bbb3bea6ed95e"
  integrity sha512-Hq7u3P8y7UWYvsZbSKHHJDVG0VO9O7tp2qljxzTScelcTODBfCme8AIhnZsFwmQ9NchZ3hr2uNr+s3DSms7q6w==
  dependencies:
    luxon "^1.23.x"

dashdash@^1.12.0:
  version "1.14.1"
  resolved "https://registry.yarnpkg.com/dashdash/-/dashdash-1.14.1.tgz#853cfa0f7cbe2fed5de20326b8dd581035f6e2f0"
  integrity sha512-jRFi8UDGo6j+odZiEpjazZaWqEal3w/basFjQHQEwVtZJGDpxbH1MeYluwCS8Xq5wmLJooDlMgvVarmWfGM44g==
  dependencies:
    assert-plus "^1.0.0"

decompress-response@^6.0.0:
  version "6.0.0"
  resolved "https://registry.yarnpkg.com/decompress-response/-/decompress-response-6.0.0.tgz#ca387612ddb7e104bd16d85aab00d5ecf09c66fc"
  integrity sha512-aW35yZM6Bb/4oJlZncMH2LCoZtJXTRxES17vE3hoRiowU2kWHaJKFkSBDnDR+cm9J+9QhXmREyIfv0pji9ejCQ==
  dependencies:
    mimic-response "^3.1.0"

defer-to-connect@^2.0.0:
  version "2.0.1"
  resolved "https://registry.yarnpkg.com/defer-to-connect/-/defer-to-connect-2.0.1.tgz#8016bdb4143e4632b77a3449c6236277de520587"
  integrity sha512-4tvttepXG1VaYGrRibk5EwJd1t4udunSOVMdLSAL6mId1ix438oPwPZMALY41FCijukO1L0twNcGsdzS7dHgDg==

delayed-stream@~1.0.0:
  version "1.0.0"
  resolved "https://registry.yarnpkg.com/delayed-stream/-/delayed-stream-1.0.0.tgz#df3ae199acadfb7d440aaae0b29e2272b24ec619"
  integrity sha512-ZySD7Nf91aLB0RxL4KGrKHBXl7Eds1DAmEdcoVawXnLD7SDhpNgtuII2aAkg7a7QS41jxPSZ17p4VdGnMHk3MQ==

dotenv@^16.0.1:
  version "16.0.1"
  resolved "https://registry.yarnpkg.com/dotenv/-/dotenv-16.0.1.tgz#8f8f9d94876c35dac989876a5d3a82a267fdce1d"
  integrity sha512-1K6hR6wtk2FviQ4kEiSjFiH5rpzEVi8WW0x96aztHVMhEspNpc4DVOUTEHtEva5VThQ8IaBX1Pe4gSzpVVUsKQ==

ecc-jsbn@~0.1.1:
  version "0.1.2"
  resolved "https://registry.yarnpkg.com/ecc-jsbn/-/ecc-jsbn-0.1.2.tgz#3a83a904e54353287874c564b7549386849a98c9"
  integrity sha512-eh9O+hwRHNbG4BLTjEl3nw044CkGm5X6LoaCf7LPp7UU8Qrt47JYNi6nPX8xjW97TKGKm1ouctg0QSpZe9qrnw==
  dependencies:
    jsbn "~0.1.0"
    safer-buffer "^2.1.0"

elliptic@6.5.4:
  version "6.5.4"
  resolved "https://registry.yarnpkg.com/elliptic/-/elliptic-6.5.4.tgz#da37cebd31e79a1367e941b592ed1fbebd58abbb"
  integrity sha512-iLhC6ULemrljPZb+QutR5TQGB+pdW6KGD5RSegS+8sorOZT+rdQFbsQFJgvN3eRqNALqJer4oQ16YvJHlU8hzQ==
  dependencies:
    bn.js "^4.11.9"
    brorand "^1.1.0"
    hash.js "^1.0.0"
    hmac-drbg "^1.0.1"
    inherits "^2.0.4"
    minimalistic-assert "^1.0.1"
    minimalistic-crypto-utils "^1.0.1"

end-of-stream@^1.1.0:
  version "1.4.4"
  resolved "https://registry.yarnpkg.com/end-of-stream/-/end-of-stream-1.4.4.tgz#5ae64a5f45057baf3626ec14da0ca5e4b2431eb0"
  integrity sha512-+uw1inIHVPQoaVuHzRyXd21icM+cnt4CzD5rW+NC1wjOUSTOs+Te7FOv7AhN7vS9x/oIyhLP5PR1H+phQAHu5Q==
  dependencies:
    once "^1.4.0"

ethers@^5.6.9:
  version "5.6.9"
  resolved "https://registry.yarnpkg.com/ethers/-/ethers-5.6.9.tgz#4e12f8dfcb67b88ae7a78a9519b384c23c576a4d"
  integrity sha512-lMGC2zv9HC5EC+8r429WaWu3uWJUCgUCt8xxKCFqkrFuBDZXDYIdzDUECxzjf2BMF8IVBByY1EBoGSL3RTm8RA==
  dependencies:
    "@ethersproject/abi" "5.6.4"
    "@ethersproject/abstract-provider" "5.6.1"
    "@ethersproject/abstract-signer" "5.6.2"
    "@ethersproject/address" "5.6.1"
    "@ethersproject/base64" "5.6.1"
    "@ethersproject/basex" "5.6.1"
    "@ethersproject/bignumber" "5.6.2"
    "@ethersproject/bytes" "5.6.1"
    "@ethersproject/constants" "5.6.1"
    "@ethersproject/contracts" "5.6.2"
    "@ethersproject/hash" "5.6.1"
    "@ethersproject/hdnode" "5.6.2"
    "@ethersproject/json-wallets" "5.6.1"
    "@ethersproject/keccak256" "5.6.1"
    "@ethersproject/logger" "5.6.0"
    "@ethersproject/networks" "5.6.4"
    "@ethersproject/pbkdf2" "5.6.1"
    "@ethersproject/properties" "5.6.0"
    "@ethersproject/providers" "5.6.8"
    "@ethersproject/random" "5.6.1"
    "@ethersproject/rlp" "5.6.1"
    "@ethersproject/sha2" "5.6.1"
    "@ethersproject/signing-key" "5.6.2"
    "@ethersproject/solidity" "5.6.1"
    "@ethersproject/strings" "5.6.1"
    "@ethersproject/transactions" "5.6.2"
    "@ethersproject/units" "5.6.1"
    "@ethersproject/wallet" "5.6.2"
    "@ethersproject/web" "5.6.1"
    "@ethersproject/wordlists" "5.6.1"

extend@~3.0.2:
  version "3.0.2"
  resolved "https://registry.yarnpkg.com/extend/-/extend-3.0.2.tgz#f8b1136b4071fbd8eb140aff858b1019ec2915fa"
  integrity sha512-fjquC59cD7CyW6urNXK0FBufkZcoiGG80wTuPujX590cB5Ttln20E2UB4S/WARVqhXffZl2LNgS+gQdPIIim/g==

extsprintf@1.3.0:
  version "1.3.0"
  resolved "https://registry.yarnpkg.com/extsprintf/-/extsprintf-1.3.0.tgz#96918440e3041a7a414f8c52e3c574eb3c3e1e05"
  integrity sha512-11Ndz7Nv+mvAC1j0ktTa7fAb0vLyGGX+rMHNBYQviQDGU0Hw7lhctJANqbPhu9nV9/izT/IntTgZ7Im/9LJs9g==

extsprintf@^1.2.0:
  version "1.4.1"
  resolved "https://registry.yarnpkg.com/extsprintf/-/extsprintf-1.4.1.tgz#8d172c064867f235c0c84a596806d279bf4bcc07"
  integrity sha512-Wrk35e8ydCKDj/ArClo1VrPVmN8zph5V4AtHwIuHhvMXsKf73UT3BOD+azBIW+3wOJ4FhEH7zyaJCFvChjYvMA==

fast-deep-equal@^3.1.1:
  version "3.1.3"
  resolved "https://registry.yarnpkg.com/fast-deep-equal/-/fast-deep-equal-3.1.3.tgz#3a7d56b559d6cbc3eb512325244e619a65c6c525"
  integrity sha512-f3qQ9oQy9j2AhBe/H9VC91wLmKBCCU/gDOnKNAYG5hswO7BLKj09Hc5HYNz9cGI++xlpDCIgDaitVs03ATR84Q==

fast-json-stable-stringify@^2.0.0:
  version "2.1.0"
  resolved "https://registry.yarnpkg.com/fast-json-stable-stringify/-/fast-json-stable-stringify-2.1.0.tgz#874bf69c6f404c2b5d99c481341399fd55892633"
  integrity sha512-lhd/wF+Lk98HZoTCtlVraHtfh5XYijIjalXck7saUtuanSDyLMxnHhSXEDJqHxD7msR8D0uCmqlkwjCV8xvwHw==

forever-agent@~0.6.1:
  version "0.6.1"
  resolved "https://registry.yarnpkg.com/forever-agent/-/forever-agent-0.6.1.tgz#fbc71f0c41adeb37f96c577ad1ed42d8fdacca91"
  integrity sha512-j0KLYPhm6zeac4lz3oJ3o65qvgQCcPubiyotZrXqEaG4hNagNYO8qdlUrX5vwqv9ohqeT/Z3j6+yW067yWWdUw==

form-data@~2.3.2:
  version "2.3.3"
  resolved "https://registry.yarnpkg.com/form-data/-/form-data-2.3.3.tgz#dcce52c05f644f298c6a7ab936bd724ceffbf3a6"
  integrity sha512-1lLKB2Mu3aGP1Q/2eCOx0fNbRMe7XdwktwOruhfqqd0rIJWwN4Dh+E3hrPSlDCXnSR7UtZ1N38rVXm+6+MEhJQ==
  dependencies:
    asynckit "^0.4.0"
    combined-stream "^1.0.6"
    mime-types "^2.1.12"

get-stream@^5.1.0:
  version "5.2.0"
  resolved "https://registry.yarnpkg.com/get-stream/-/get-stream-5.2.0.tgz#4966a1795ee5ace65e706c4b7beb71257d6e22d3"
  integrity sha512-nBF+F1rAZVCu/p7rjzgA+Yb4lfYXrpl7a6VmJrU8wF9I1CKvP/QwPNZHnOlwbTkY6dvtFIzFMSyQXbLoTQPRpA==
  dependencies:
    pump "^3.0.0"

getpass@^0.1.1:
  version "0.1.7"
  resolved "https://registry.yarnpkg.com/getpass/-/getpass-0.1.7.tgz#5eff8e3e684d569ae4cb2b1282604e8ba62149fa"
  integrity sha512-0fzj9JxOLfJ+XGLhR8ze3unN0KZCgZwiSSDz168VERjK8Wl8kVSdcu2kspd4s4wtAa1y/qrVRiAA0WclVsu0ng==
  dependencies:
    assert-plus "^1.0.0"

got@^11.8.2:
  version "11.8.5"
  resolved "https://registry.yarnpkg.com/got/-/got-11.8.5.tgz#ce77d045136de56e8f024bebb82ea349bc730046"
  integrity sha512-o0Je4NvQObAuZPHLFoRSkdG2lTgtcynqymzg2Vupdx6PorhaT5MCbIyXG6d4D94kk8ZG57QeosgdiqfJWhEhlQ==
  dependencies:
    "@sindresorhus/is" "^4.0.0"
    "@szmarczak/http-timer" "^4.0.5"
    "@types/cacheable-request" "^6.0.1"
    "@types/responselike" "^1.0.0"
    cacheable-lookup "^5.0.3"
    cacheable-request "^7.0.2"
    decompress-response "^6.0.0"
    http2-wrapper "^1.0.0-beta.5.2"
    lowercase-keys "^2.0.0"
    p-cancelable "^2.0.0"
    responselike "^2.0.0"

har-schema@^2.0.0:
  version "2.0.0"
  resolved "https://registry.yarnpkg.com/har-schema/-/har-schema-2.0.0.tgz#a94c2224ebcac04782a0d9035521f24735b7ec92"
  integrity sha512-Oqluz6zhGX8cyRaTQlFMPw80bSJVG2x/cFb8ZPhUILGgHka9SsokCCOQgpveePerqidZOrT14ipqfJb7ILcW5Q==

har-validator@~5.1.3:
  version "5.1.5"
  resolved "https://registry.yarnpkg.com/har-validator/-/har-validator-5.1.5.tgz#1f0803b9f8cb20c0fa13822df1ecddb36bde1efd"
  integrity sha512-nmT2T0lljbxdQZfspsno9hgrG3Uir6Ks5afism62poxqBM6sDnMEuPmzTq8XN0OEwqKLLdh1jQI3qyE66Nzb3w==
  dependencies:
    ajv "^6.12.3"
    har-schema "^2.0.0"

hash.js@1.1.7, hash.js@^1.0.0, hash.js@^1.0.3:
  version "1.1.7"
  resolved "https://registry.yarnpkg.com/hash.js/-/hash.js-1.1.7.tgz#0babca538e8d4ee4a0f8988d68866537a003cf42"
  integrity sha512-taOaskGt4z4SOANNseOviYDvjEJinIkRgmp7LbKP2YTTmVxWBl87s/uzK9r+44BclBSp2X7K1hqeNfz9JbBeXA==
  dependencies:
    inherits "^2.0.3"
    minimalistic-assert "^1.0.1"

hmac-drbg@^1.0.1:
  version "1.0.1"
  resolved "https://registry.yarnpkg.com/hmac-drbg/-/hmac-drbg-1.0.1.tgz#d2745701025a6c775a6c545793ed502fc0c649a1"
  integrity sha512-Tti3gMqLdZfhOQY1Mzf/AanLiqh1WTiJgEj26ZuYQ9fbkLomzGchCws4FyrSd4VkpBfiNhaE1On+lOz894jvXg==
  dependencies:
    hash.js "^1.0.3"
    minimalistic-assert "^1.0.0"
    minimalistic-crypto-utils "^1.0.1"

http-cache-semantics@^4.0.0:
  version "4.1.0"
  resolved "https://registry.yarnpkg.com/http-cache-semantics/-/http-cache-semantics-4.1.0.tgz#49e91c5cbf36c9b94bcfcd71c23d5249ec74e390"
  integrity sha512-carPklcUh7ROWRK7Cv27RPtdhYhUsela/ue5/jKzjegVvXDqM2ILE9Q2BGn9JZJh1g87cp56su/FgQSzcWS8cQ==

http-signature@~1.2.0:
  version "1.2.0"
  resolved "https://registry.yarnpkg.com/http-signature/-/http-signature-1.2.0.tgz#9aecd925114772f3d95b65a60abb8f7c18fbace1"
  integrity sha512-CAbnr6Rz4CYQkLYUtSNXxQPUH2gK8f3iWexVlsnMeD+GjlsQ0Xsy1cOX+mN3dtxYomRy21CiOzU8Uhw6OwncEQ==
  dependencies:
    assert-plus "^1.0.0"
    jsprim "^1.2.2"
    sshpk "^1.7.0"

http2-wrapper@^1.0.0-beta.5.2:
  version "1.0.3"
  resolved "https://registry.yarnpkg.com/http2-wrapper/-/http2-wrapper-1.0.3.tgz#b8f55e0c1f25d4ebd08b3b0c2c079f9590800b3d"
  integrity sha512-V+23sDMr12Wnz7iTcDeJr3O6AIxlnvT/bmaAAAP/Xda35C90p9599p0F1eHR/N1KILWSoWVAiOMFjBBXaXSMxg==
  dependencies:
    quick-lru "^5.1.1"
    resolve-alpn "^1.0.0"

inherits@^2.0.3, inherits@^2.0.4:
  version "2.0.4"
  resolved "https://registry.yarnpkg.com/inherits/-/inherits-2.0.4.tgz#0fa2c64f932917c3433a0ded55363aae37416b7c"
  integrity sha512-k/vGaX4/Yla3WzyMCvTQOXYeIHvqOKtnqBduzTHpzpQZzAskKMhZ2K+EnBiSM9zGSoIFeMpXKxa4dYeZIQqewQ==

is-typedarray@~1.0.0:
  version "1.0.0"
  resolved "https://registry.yarnpkg.com/is-typedarray/-/is-typedarray-1.0.0.tgz#e479c80858df0c1b11ddda6940f96011fcda4a9a"
  integrity sha512-cyA56iCMHAh5CdzjJIa4aohJyeO1YbwLi3Jc35MmRU6poroFjIGZzUzupGiRPOjgHg9TLu43xbpwXk523fMxKA==

isstream@~0.1.2:
  version "0.1.2"
  resolved "https://registry.yarnpkg.com/isstream/-/isstream-0.1.2.tgz#47e63f7af55afa6f92e1500e690eb8b8529c099a"
  integrity sha512-Yljz7ffyPbrLpLngrMtZ7NduUgVvi6wG9RJ9IUcyCd59YQ911PBJphODUcbOVbqYfxe1wuYf/LJ8PauMRwsM/g==

js-sha3@0.8.0:
  version "0.8.0"
  resolved "https://registry.yarnpkg.com/js-sha3/-/js-sha3-0.8.0.tgz#b9b7a5da73afad7dedd0f8c463954cbde6818840"
  integrity sha512-gF1cRrHhIzNfToc802P800N8PpXS+evLLXfsVpowqmAFR9uwbi89WvXg2QspOmXL8QL86J4T1EpFu+yUkwJY3Q==

jsbn@~0.1.0:
  version "0.1.1"
  resolved "https://registry.yarnpkg.com/jsbn/-/jsbn-0.1.1.tgz#a5e654c2e5a2deb5f201d96cefbca80c0ef2f513"
  integrity sha512-UVU9dibq2JcFWxQPA6KCqj5O42VOmAY3zQUfEKxU0KpTGXwNoCjkX1e13eHNvw/xPynt6pU0rZ1htjWTNTSXsg==

json-buffer@3.0.1, json-buffer@~3.0.1:
  version "3.0.1"
  resolved "https://registry.yarnpkg.com/json-buffer/-/json-buffer-3.0.1.tgz#9338802a30d3b6605fbe0613e094008ca8c05a13"
  integrity sha512-4bV5BfR2mqfQTJm+V5tPPdf+ZpuhiIvTuAB5g8kcrXOZpTT/QwwVRWBywX1ozr6lEuPdbHxwaJlm9G6mI2sfSQ==

json-schema-traverse@^0.4.1:
  version "0.4.1"
  resolved "https://registry.yarnpkg.com/json-schema-traverse/-/json-schema-traverse-0.4.1.tgz#69f6a87d9513ab8bb8fe63bdb0979c448e684660"
  integrity sha512-xbbCH5dCYU5T8LcEhhuh7HJ88HXuW3qsI3Y0zOZFKfZEHcpWiHU/Jxzk629Brsab/mMiHQti9wMP+845RPe3Vg==

json-schema@0.4.0:
  version "0.4.0"
  resolved "https://registry.yarnpkg.com/json-schema/-/json-schema-0.4.0.tgz#f7de4cf6efab838ebaeb3236474cbba5a1930ab5"
  integrity sha512-es94M3nTIfsEPisRafak+HDLfHXnKBhV3vU5eqPcS3flIWqcxJWgXHXiey3YrpaNsanY5ei1VoYEbOzijuq9BA==

json-stringify-safe@~5.0.1:
  version "5.0.1"
  resolved "https://registry.yarnpkg.com/json-stringify-safe/-/json-stringify-safe-5.0.1.tgz#1296a2d58fd45f19a0f6ce01d65701e2c735b6eb"
  integrity sha512-ZClg6AaYvamvYEE82d3Iyd3vSSIjQ+odgjaTzRuO3s7toCdFKczob2i0zCh7JE8kWn17yvAWhUVxvqGwUalsRA==

jsprim@^1.2.2:
  version "1.4.2"
  resolved "https://registry.yarnpkg.com/jsprim/-/jsprim-1.4.2.tgz#712c65533a15c878ba59e9ed5f0e26d5b77c5feb"
  integrity sha512-P2bSOMAc/ciLz6DzgjVlGJP9+BrJWu5UDGK70C2iweC5QBIeFf0ZXRvGjEj2uYgrY2MkAAhsSWHDWlFtEroZWw==
  dependencies:
    assert-plus "1.0.0"
    extsprintf "1.3.0"
    json-schema "0.4.0"
    verror "1.10.0"

keyv@^4.0.0:
  version "4.3.3"
  resolved "https://registry.yarnpkg.com/keyv/-/keyv-4.3.3.tgz#6c1bcda6353a9e96fc1b4e1aeb803a6e35090ba9"
  integrity sha512-AcysI17RvakTh8ir03+a3zJr5r0ovnAH/XTXei/4HIv3bL2K/jzvgivLK9UuI/JbU1aJjM3NSAnVvVVd3n+4DQ==
  dependencies:
    compress-brotli "^1.3.8"
    json-buffer "3.0.1"

lowercase-keys@^2.0.0:
  version "2.0.0"
  resolved "https://registry.yarnpkg.com/lowercase-keys/-/lowercase-keys-2.0.0.tgz#2603e78b7b4b0006cbca2fbcc8a3202558ac9479"
  integrity sha512-tqNXrS78oMOE73NMxK4EMLQsQowWf8jKooH9g7xPavRT706R6bkQJ6DY2Te7QukaZsulxa30wQ7bk0pm4XiHmA==

luxon@^1.23.x:
  version "1.28.0"
  resolved "https://registry.yarnpkg.com/luxon/-/luxon-1.28.0.tgz#e7f96daad3938c06a62de0fb027115d251251fbf"
  integrity sha512-TfTiyvZhwBYM/7QdAVDh+7dBTBA29v4ik0Ce9zda3Mnf8on1S5KJI8P2jKFZ8+5C0jhmr0KwJEO/Wdpm0VeWJQ==

mime-db@1.52.0:
  version "1.52.0"
  resolved "https://registry.yarnpkg.com/mime-db/-/mime-db-1.52.0.tgz#bbabcdc02859f4987301c856e3387ce5ec43bf70"
  integrity sha512-sPU4uV7dYlvtWJxwwxHD0PuihVNiE7TyAbQ5SWxDCB9mUYvOgroQOwYQQOKPJ8CIbE+1ETVlOoK1UC2nU3gYvg==

mime-types@^2.1.12, mime-types@~2.1.19:
  version "2.1.35"
  resolved "https://registry.yarnpkg.com/mime-types/-/mime-types-2.1.35.tgz#381a871b62a734450660ae3deee44813f70d959a"
  integrity sha512-ZDY+bPm5zTTF+YpCrAU9nK0UgICYPT0QtT1NZWFv4s++TNkcgVaT0g6+4R2uI4MjQjzysHB1zxuWL50hzaeXiw==
  dependencies:
    mime-db "1.52.0"

mime@^1.3.4:
  version "1.6.0"
  resolved "https://registry.yarnpkg.com/mime/-/mime-1.6.0.tgz#32cd9e5c64553bd58d19a568af452acff04981b1"
  integrity sha512-x0Vn8spI+wuJ1O6S7gnbaQg8Pxh4NNHb7KSINmEWKiPE4RKOplvijn+NkmYmmRgP68mc70j2EbeTFRsrswaQeg==

mimic-response@^1.0.0:
  version "1.0.1"
  resolved "https://registry.yarnpkg.com/mimic-response/-/mimic-response-1.0.1.tgz#4923538878eef42063cb8a3e3b0798781487ab1b"
  integrity sha512-j5EctnkH7amfV/q5Hgmoal1g2QHFJRraOtmx0JpIqkxhBhI/lJSl1nMpQ45hVarwNETOoWEimndZ4QK0RHxuxQ==

mimic-response@^3.1.0:
  version "3.1.0"
  resolved "https://registry.yarnpkg.com/mimic-response/-/mimic-response-3.1.0.tgz#2d1d59af9c1b129815accc2c46a022a5ce1fa3c9"
  integrity sha512-z0yWI+4FDrrweS8Zmt4Ej5HdJmky15+L2e6Wgn3+iK5fWzb6T3fhNFq2+MeTRb064c6Wr4N/wv0DzQTjNzHNGQ==

minimalistic-assert@^1.0.0, minimalistic-assert@^1.0.1:
  version "1.0.1"
  resolved "https://registry.yarnpkg.com/minimalistic-assert/-/minimalistic-assert-1.0.1.tgz#2e194de044626d4a10e7f7fbc00ce73e83e4d5c7"
  integrity sha512-UtJcAD4yEaGtjPezWuO9wC4nwUnVH/8/Im3yEHQP4b67cXlD/Qr9hdITCU1xDbSEXg2XKNaP8jsReV7vQd00/A==

minimalistic-crypto-utils@^1.0.1:
  version "1.0.1"
  resolved "https://registry.yarnpkg.com/minimalistic-crypto-utils/-/minimalistic-crypto-utils-1.0.1.tgz#f6c00c1c0b082246e5c4d99dfb8c7c083b2b582a"
  integrity sha512-JIYlbt6g8i5jKfJ3xz7rF0LXmv2TkDxBLUkiBeZ7bAx4GnnNMr8xFpGnOxn6GhTEHx3SjRrZEoU+j04prX1ktg==

moment-timezone@^0.5.31:
  version "0.5.34"
  resolved "https://registry.yarnpkg.com/moment-timezone/-/moment-timezone-0.5.34.tgz#a75938f7476b88f155d3504a9343f7519d9a405c"
  integrity sha512-3zAEHh2hKUs3EXLESx/wsgw6IQdusOT8Bxm3D9UrHPQR7zlMmzwybC8zHEM1tQ4LJwP7fcxrWr8tuBg05fFCbg==
  dependencies:
    moment ">= 2.9.0"

"moment@>= 2.9.0":
  version "2.29.4"
  resolved "https://registry.yarnpkg.com/moment/-/moment-2.29.4.tgz#3dbe052889fe7c1b2ed966fcb3a77328964ef108"
  integrity sha512-5LC9SOxjSc2HF6vO2CyuTDNivEdoz2IvyJJGj6X8DJ0eFyfszE0QiEd+iXmBvUP3WHxSjFH/vIsA0EN00cgr8w==

node-cron@3.0.0:
  version "3.0.0"
  resolved "https://registry.yarnpkg.com/node-cron/-/node-cron-3.0.0.tgz#b33252803e430f9cd8590cf85738efa1497a9522"
  integrity sha512-DDwIvvuCwrNiaU7HEivFDULcaQualDv7KoNlB/UU1wPW0n1tDEmBJKhEIE6DlF2FuoOHcNbLJ8ITL2Iv/3AWmA==
  dependencies:
    moment-timezone "^0.5.31"

normalize-url@^6.0.1:
  version "6.1.0"
  resolved "https://registry.yarnpkg.com/normalize-url/-/normalize-url-6.1.0.tgz#40d0885b535deffe3f3147bec877d05fe4c5668a"
  integrity sha512-DlL+XwOy3NxAQ8xuC0okPgK46iuVNAK01YN7RueYBqqFeGsBjV9XmCAzAdgt+667bCl5kPh9EqKKDwnaPG1I7A==

oauth-sign@~0.9.0:
  version "0.9.0"
  resolved "https://registry.yarnpkg.com/oauth-sign/-/oauth-sign-0.9.0.tgz#47a7b016baa68b5fa0ecf3dee08a85c679ac6455"
  integrity sha512-fexhUFFPTGV8ybAtSIGbV6gOkSv8UtRbDBnAyLQw4QPKkgNlsH2ByPGtMUqdWkos6YCRmAqViwgZrJc/mRDzZQ==

once@^1.3.1, once@^1.4.0:
  version "1.4.0"
  resolved "https://registry.yarnpkg.com/once/-/once-1.4.0.tgz#583b1aa775961d4b113ac17d9c50baef9dd76bd1"
  integrity sha512-lNaJgI+2Q5URQBkccEKHTQOPaXdUxnZZElQTZY0MFUAuaEqe1E+Nyvgdz/aIyNi6Z9MzO5dv1H8n58/GELp3+w==
  dependencies:
    wrappy "1"

p-cancelable@^2.0.0:
  version "2.1.1"
  resolved "https://registry.yarnpkg.com/p-cancelable/-/p-cancelable-2.1.1.tgz#aab7fbd416582fa32a3db49859c122487c5ed2cf"
  integrity sha512-BZOr3nRQHOntUjTrH8+Lh54smKHoHyur8We1V8DSMVrl5A2malOOwuJRnKRDjSnkoeBh4at6BwEnb5I7Jl31wg==

performance-now@^2.1.0:
  version "2.1.0"
  resolved "https://registry.yarnpkg.com/performance-now/-/performance-now-2.1.0.tgz#6309f4e0e5fa913ec1c69307ae364b4b377c9e7b"
  integrity sha512-7EAHlyLHI56VEIdK57uwHdHKIaAGbnXPiw0yWbarQZOKaKpvUIgW0jWRVLiatnM+XXlSwsanIBH/hzGMJulMow==

psl@^1.1.28:
  version "1.9.0"
  resolved "https://registry.yarnpkg.com/psl/-/psl-1.9.0.tgz#d0df2a137f00794565fcaf3b2c00cd09f8d5a5a7"
  integrity sha512-E/ZsdU4HLs/68gYzgGTkMicWTLPdAftJLfJFlLUAAKZGkStNU72sZjT66SnMDVOfOWY/YAoiD7Jxa9iHvngcag==

pump@^3.0.0:
  version "3.0.0"
  resolved "https://registry.yarnpkg.com/pump/-/pump-3.0.0.tgz#b4a2116815bde2f4e1ea602354e8c75565107a64"
  integrity sha512-LwZy+p3SFs1Pytd/jYct4wpv49HiYCqd9Rlc5ZVdk0V+8Yzv6jR5Blk3TRmPL1ft69TxP0IMZGJ+WPFU2BFhww==
  dependencies:
    end-of-stream "^1.1.0"
    once "^1.3.1"

punycode@^2.1.0, punycode@^2.1.1:
  version "2.1.1"
  resolved "https://registry.yarnpkg.com/punycode/-/punycode-2.1.1.tgz#b58b010ac40c22c5657616c8d2c2c02c7bf479ec"
  integrity sha512-XRsRjdf+j5ml+y/6GKHPZbrF/8p2Yga0JPtdqTIY2Xe5ohJPD9saDJJLPvp9+NSBprVvevdXZybnj2cv8OEd0A==

qs@~6.5.2:
  version "6.5.3"
  resolved "https://registry.yarnpkg.com/qs/-/qs-6.5.3.tgz#3aeeffc91967ef6e35c0e488ef46fb296ab76aad"
  integrity sha512-qxXIEh4pCGfHICj1mAJQ2/2XVZkjCDTcEgfoSQxc/fYivUZxTkk7L3bDBJSoNrEzXI17oUO5Dp07ktqE5KzczA==

quick-lru@^5.1.1:
  version "5.1.1"
  resolved "https://registry.yarnpkg.com/quick-lru/-/quick-lru-5.1.1.tgz#366493e6b3e42a3a6885e2e99d18f80fb7a8c932"
  integrity sha512-WuyALRjWPDGtt/wzJiadO5AXY+8hZ80hVpe6MyivgraREW751X3SbhRvG3eLKOYN+8VEvqLcf3wdnt44Z4S4SA==

request@^2.68.0:
  version "2.88.2"
  resolved "https://registry.yarnpkg.com/request/-/request-2.88.2.tgz#d73c918731cb5a87da047e207234146f664d12b3"
  integrity sha512-MsvtOrfG9ZcrOwAW+Qi+F6HbD0CWXEh9ou77uOb7FM2WPhwT7smM833PzanhJLsgXjN89Ir6V2PczXNnMpwKhw==
  dependencies:
    aws-sign2 "~0.7.0"
    aws4 "^1.8.0"
    caseless "~0.12.0"
    combined-stream "~1.0.6"
    extend "~3.0.2"
    forever-agent "~0.6.1"
    form-data "~2.3.2"
    har-validator "~5.1.3"
    http-signature "~1.2.0"
    is-typedarray "~1.0.0"
    isstream "~0.1.2"
    json-stringify-safe "~5.0.1"
    mime-types "~2.1.19"
    oauth-sign "~0.9.0"
    performance-now "^2.1.0"
    qs "~6.5.2"
    safe-buffer "^5.1.2"
    tough-cookie "~2.5.0"
    tunnel-agent "^0.6.0"
    uuid "^3.3.2"

resolve-alpn@^1.0.0:
  version "1.2.1"
  resolved "https://registry.yarnpkg.com/resolve-alpn/-/resolve-alpn-1.2.1.tgz#b7adbdac3546aaaec20b45e7d8265927072726f9"
  integrity sha512-0a1F4l73/ZFZOakJnQ3FvkJ2+gSTQWz/r2KE5OdDY0TxPm5h4GkqkWWfM47T7HsbnOtcJVEF4epCVy6u7Q3K+g==

responselike@^2.0.0:
  version "2.0.1"
  resolved "https://registry.yarnpkg.com/responselike/-/responselike-2.0.1.tgz#9a0bc8fdc252f3fb1cca68b016591059ba1422bc"
  integrity sha512-4gl03wn3hj1HP3yzgdI7d3lCkF95F21Pz4BPGvKHinyQzALR5CapwC8yIi0Rh58DEMQ/SguC03wFj2k0M/mHhw==
  dependencies:
    lowercase-keys "^2.0.0"

safe-buffer@^5.0.1, safe-buffer@^5.1.2:
  version "5.2.1"
  resolved "https://registry.yarnpkg.com/safe-buffer/-/safe-buffer-5.2.1.tgz#1eaf9fa9bdb1fdd4ec75f58f9cdb4e6b7827eec6"
  integrity sha512-rp3So07KcdmmKbGvgaNxQSJr7bGVSVk5S9Eq1F+ppbRo70+YeaDxkw5Dd8NPN+GD6bjnYm2VuPuCXmpuYvmCXQ==

safer-buffer@^2.0.2, safer-buffer@^2.1.0, safer-buffer@~2.1.0:
  version "2.1.2"
  resolved "https://registry.yarnpkg.com/safer-buffer/-/safer-buffer-2.1.2.tgz#44fa161b0187b9549dd84bb91802f9bd8385cd6a"
  integrity sha512-YZo3K82SD7Riyi0E1EQPojLz7kpepnSQI9IyPbHHg1XXXevb5dJI7tpyN2ADxGcQbHG7vcyRHk0cbwqcQriUtg==

scrypt-js@3.0.1:
  version "3.0.1"
  resolved "https://registry.yarnpkg.com/scrypt-js/-/scrypt-js-3.0.1.tgz#d314a57c2aef69d1ad98a138a21fe9eafa9ee312"
  integrity sha512-cdwTTnqPu0Hyvf5in5asVdZocVDTNRmR7XEcJuIzMjJeSHybHl7vpB66AzwTaIg6CLSbtjcxc8fqcySfnTkccA==

sshpk@^1.7.0:
  version "1.17.0"
  resolved "https://registry.yarnpkg.com/sshpk/-/sshpk-1.17.0.tgz#578082d92d4fe612b13007496e543fa0fbcbe4c5"
  integrity sha512-/9HIEs1ZXGhSPE8X6Ccm7Nam1z8KcoCqPdI7ecm1N33EzAetWahvQWVqLZtaZQ+IDKX4IyA2o0gBzqIMkAagHQ==
  dependencies:
    asn1 "~0.2.3"
    assert-plus "^1.0.0"
    bcrypt-pbkdf "^1.0.0"
    dashdash "^1.12.0"
    ecc-jsbn "~0.1.1"
    getpass "^0.1.1"
    jsbn "~0.1.0"
    safer-buffer "^2.0.2"
    tweetnacl "~0.14.0"

tough-cookie@~2.5.0:
  version "2.5.0"
  resolved "https://registry.yarnpkg.com/tough-cookie/-/tough-cookie-2.5.0.tgz#cd9fb2a0aa1d5a12b473bd9fb96fa3dcff65ade2"
  integrity sha512-nlLsUzgm1kfLXSXfRZMc1KLAugd4hqJHDTvc2hDIwS3mZAfMEuMbc03SujMF+GEcpaX/qboeycw6iO8JwVv2+g==
  dependencies:
    psl "^1.1.28"
    punycode "^2.1.1"

tunnel-agent@^0.6.0:
  version "0.6.0"
  resolved "https://registry.yarnpkg.com/tunnel-agent/-/tunnel-agent-0.6.0.tgz#27a5dea06b36b04a0a9966774b290868f0fc40fd"
  integrity sha512-McnNiV1l8RYeY8tBgEpuodCC1mLUdbSN+CYBL7kJsJNInOP8UjDDEwdk6Mw60vdLLrr5NHKZhMAOSrR2NZuQ+w==
  dependencies:
    safe-buffer "^5.0.1"

tweetnacl@^0.14.3, tweetnacl@~0.14.0:
  version "0.14.5"
  resolved "https://registry.yarnpkg.com/tweetnacl/-/tweetnacl-0.14.5.tgz#5ae68177f192d4456269d108afa93ff8743f4f64"
  integrity sha512-KXXFFdAbFXY4geFIwoyNK+f5Z1b7swfXABfL7HXCmoIWMKU3dmS26672A4EeQtDzLKy7SXmfBu51JolvEKwtGA==

twit@^2.2.11:
  version "2.2.11"
  resolved "https://registry.yarnpkg.com/twit/-/twit-2.2.11.tgz#554343d1cf343ddf503280db821f61be5ab407c3"
  integrity sha512-BkdwvZGRVoUTcEBp0zuocuqfih4LB+kEFUWkWJOVBg6pAE9Ebv9vmsYTTrfXleZGf45Bj5H3A1/O9YhF2uSYNg==
  dependencies:
    bluebird "^3.1.5"
    mime "^1.3.4"
    request "^2.68.0"

uri-js@^4.2.2:
  version "4.4.1"
  resolved "https://registry.yarnpkg.com/uri-js/-/uri-js-4.4.1.tgz#9b1a52595225859e55f669d928f88c6c57f2a77e"
  integrity sha512-7rKUyy33Q1yc98pQ1DAmLtwX109F7TIfWlW1Ydo8Wl1ii1SeHieeh0HHfPeL2fMXK6z0s8ecKs9frCuLJvndBg==
  dependencies:
    punycode "^2.1.0"

uuid@^3.3.2:
  version "3.4.0"
  resolved "https://registry.yarnpkg.com/uuid/-/uuid-3.4.0.tgz#b23e4358afa8a202fe7a100af1f5f883f02007ee"
  integrity sha512-HjSDRw6gZE5JMggctHBcjVak08+KEVhSIiDzFnT9S9aegmp85S/bReBVTb4QTFaRNptJ9kuYaNhnbNEOkbKb/A==

verror@1.10.0:
  version "1.10.0"
  resolved "https://registry.yarnpkg.com/verror/-/verror-1.10.0.tgz#3a105ca17053af55d6e270c1f8288682e18da400"
  integrity sha512-ZZKSmDAEFOijERBLkmYfJ+vmk3w+7hOLYDNkRCuRuMJGEmqYNCNLyBBFwWKVMhfwaEF3WOd0Zlw86U/WC/+nYw==
  dependencies:
    assert-plus "^1.0.0"
    core-util-is "1.0.2"
    extsprintf "^1.2.0"

wrappy@1:
  version "1.0.2"
  resolved "https://registry.yarnpkg.com/wrappy/-/wrappy-1.0.2.tgz#b5243d8f3ec1aa35f1364605bc0d1036e30ab69f"
  integrity sha512-l4Sp/DRseor9wL6EvV2+TuQn63dMkPjZ/sp9XkghTEbV9KlPS1xUsZ3u7/IQO4wxtcFB4bgpQPRcR3QCvezPcQ==

ws@7.4.6:
  version "7.4.6"
  resolved "https://registry.yarnpkg.com/ws/-/ws-7.4.6.tgz#5654ca8ecdeee47c33a9a4bf6d28e2be2980377c"
  integrity sha512-YmhHDO4MzaDLB+M9ym/mDA5z0naX8j7SIlT8f8z+I0VtzsRbekxEutHSme7NPS2qE8StCYQNUnfWdXta/Yu85A==
